
Microsoft Visual Studio Solution File, Format Version 12.00
# Visual Studio Version 16
VisualStudioVersion = 16.0.30523.141
MinimumVisualStudioVersion = 10.0.40219.1
Project("{FAE04EC0-301F-11D3-BF4B-00C04F79EFBC}") = "Porto", "Porto\Porto.csproj", "{105BDF18-5D99-4BB6-9778-FAB8FA48E5D7}"
EndProject
Global
	GlobalSection(SolutionConfigurationPlatforms) = preSolution
		Debug|Any CPU = Debug|Any CPU
		Release|Any CPU = Release|Any CPU
	EndGlobalSection
	GlobalSection(ProjectConfigurationPlatforms) = postSolution
		{105BDF18-5D99-4BB6-9778-FAB8FA48E5D7}.Debug|Any CPU.ActiveCfg = Debug|Any CPU
		{105BDF18-5D99-4BB6-9778-FAB8FA48E5D7}.Debug|Any CPU.Build.0 = Debug|Any CPU
		{105BDF18-5D99-4BB6-9778-FAB8FA48E5D7}.Release|Any CPU.ActiveCfg = Release|Any CPU
		{105BDF18-5D99-4BB6-9778-FAB8FA48E5D7}.Release|Any CPU.Build.0 = Release|Any CPU
	EndGlobalSection
	GlobalSection(SolutionProperties) = preSolution
		HideSolutionNode = FALSE
	EndGlobalSection
	GlobalSection(ExtensibilityGlobals) = postSolution
		SolutionGuid = {22892C0B-EAB4-475F-BC90-699B5140814E}
	EndGlobalSection
EndGlobal
